
Microsoft Visual Studio Solution File, Format Version 12.00
# Visual Studio Version 16
VisualStudioVersion = 16.0.29102.190
MinimumVisualStudioVersion = 10.0.40219.1
Project("{FAE04EC0-301F-11D3-BF4B-00C04F79EFBC}") = "BrightSparkTask", "BrightSparkTask\BrightSparkTask.csproj", "{BB520074-5842-481F-840E-54AD765F4259}"
EndProject
Project("{FAE04EC0-301F-11D3-BF4B-00C04F79EFBC}") = "BrightSparkTask.Tests", "BrightSparkTask.Tests\BrightSparkTask.Tests.csproj", "{BD7DBB0A-BD8D-4CC0-B377-2B769DD99DAF}"
EndProject
Global
	GlobalSection(SolutionConfigurationPlatforms) = preSolution
		Debug|Any CPU = Debug|Any CPU
		Release|Any CPU = Release|Any CPU
	EndGlobalSection
	GlobalSection(ProjectConfigurationPlatforms) = postSolution
		{BB520074-5842-481F-840E-54AD765F4259}.Debug|Any CPU.ActiveCfg = Debug|Any CPU
		{BB520074-5842-481F-840E-54AD765F4259}.Debug|Any CPU.Build.0 = Debug|Any CPU
		{BB520074-5842-481F-840E-54AD765F4259}.Release|Any CPU.ActiveCfg = Release|Any CPU
		{BB520074-5842-481F-840E-54AD765F4259}.Release|Any CPU.Build.0 = Release|Any CPU
		{BD7DBB0A-BD8D-4CC0-B377-2B769DD99DAF}.Debug|Any CPU.ActiveCfg = Debug|Any CPU
		{BD7DBB0A-BD8D-4CC0-B377-2B769DD99DAF}.Debug|Any CPU.Build.0 = Debug|Any CPU
		{BD7DBB0A-BD8D-4CC0-B377-2B769DD99DAF}.Release|Any CPU.ActiveCfg = Release|Any CPU
		{BD7DBB0A-BD8D-4CC0-B377-2B769DD99DAF}.Release|Any CPU.Build.0 = Release|Any CPU
	EndGlobalSection
	GlobalSection(SolutionProperties) = preSolution
		HideSolutionNode = FALSE
	EndGlobalSection
	GlobalSection(ExtensibilityGlobals) = postSolution
		SolutionGuid = {6334D5FD-E0DC-43B7-80D1-937D15C9A810}
	EndGlobalSection
EndGlobal
